
Microsoft Visual Studio Solution File, Format Version 12.00
# Visual Studio 14
VisualStudioVersion = 14.0.25420.1
MinimumVisualStudioVersion = 10.0.40219.1
Project("{2150E333-8FDC-42A3-9474-1A3956D46DE8}") = "src", "src", "{210286EB-0620-438B-8D97-6843486EDB4B}"
EndProject
Project("{2150E333-8FDC-42A3-9474-1A3956D46DE8}") = "Solution Items", "Solution Items", "{4CE74C7B-F3E5-4044-AF68-27506951A6A6}"
	ProjectSection(SolutionItems) = preProject
		global.json = global.json
	EndProjectSection
EndProject
Project("{8BB2217D-0F2D-49D1-97BC-3654ED321F3B}") = "TPU_WO_manage", "src\TPU_WO_manage\TPU_WO_manage.xproj", "{0D9441EB-C568-4EF7-B90A-FB45D04048E4}"
EndProject
Global
	GlobalSection(SolutionConfigurationPlatforms) = preSolution
		Debug|Any CPU = Debug|Any CPU
		Release|Any CPU = Release|Any CPU
	EndGlobalSection
	GlobalSection(ProjectConfigurationPlatforms) = postSolution
		{0D9441EB-C568-4EF7-B90A-FB45D04048E4}.Debug|Any CPU.ActiveCfg = Debug|Any CPU
		{0D9441EB-C568-4EF7-B90A-FB45D04048E4}.Debug|Any CPU.Build.0 = Debug|Any CPU
		{0D9441EB-C568-4EF7-B90A-FB45D04048E4}.Release|Any CPU.ActiveCfg = Release|Any CPU
		{0D9441EB-C568-4EF7-B90A-FB45D04048E4}.Release|Any CPU.Build.0 = Release|Any CPU
	EndGlobalSection
	GlobalSection(SolutionProperties) = preSolution
		HideSolutionNode = FALSE
	EndGlobalSection
	GlobalSection(NestedProjects) = preSolution
		{0D9441EB-C568-4EF7-B90A-FB45D04048E4} = {210286EB-0620-438B-8D97-6843486EDB4B}
	EndGlobalSection
EndGlobal
